// !$*UTF8*$!
{
	archiveVersion = 1;
	classes = {
	};
	objectVersion = 46;
	objects = {

/* Begin PBXBuildFile section */
		DD57E74217A970ED00571387 /* InfoPlist.strings in Resources */ = {isa = PBXBuildFile; fileRef = DD57E74017A970ED00571387 /* InfoPlist.strings */; };
		DD57E74417A970ED00571387 /* main.m in Sources */ = {isa = PBXBuildFile; fileRef = DD57E74317A970ED00571387 /* main.m */; };
		DD57E74817A970ED00571387 /* MPAppDelegate.m in Sources */ = {isa = PBXBuildFile; fileRef = DD57E74717A970ED00571387 /* MPAppDelegate.m */; };
		DD57E75117A970ED00571387 /* MPViewController.m in Sources */ = {isa = PBXBuildFile; fileRef = DD57E75017A970ED00571387 /* MPViewController.m */; };
		DD57E77017A9760200571387 /* UIKit.framework in Frameworks */ = {isa = PBXBuildFile; fileRef = DD57E76F17A9760200571387 /* UIKit.framework */; };
		DD57E77217A9761500571387 /* MapKit.framework in Frameworks */ = {isa = PBXBuildFile; fileRef = DD57E77117A9761500571387 /* MapKit.framework */; };
		DD57E78117A97B7000571387 /* MPAppDelegate.m in Sources */ = {isa = PBXBuildFile; fileRef = DD57E77317A97B7000571387 /* MPAppDelegate.m */; };
		DD57E78317A97B7000571387 /* MainMenu.xib in Resources */ = {isa = PBXBuildFile; fileRef = DD57E77717A97B7000571387 /* MainMenu.xib */; };
		DD57E78417A97B7000571387 /* Credits.rtf in Resources */ = {isa = PBXBuildFile; fileRef = DD57E77A17A97B7000571387 /* Credits.rtf */; };
		DD57E78517A97B7000571387 /* InfoPlist.strings in Resources */ = {isa = PBXBuildFile; fileRef = DD57E77C17A97B7000571387 /* InfoPlist.strings */; };
		DD57E78717A97B7000571387 /* main.m in Sources */ = {isa = PBXBuildFile; fileRef = DD57E77F17A97B7000571387 /* main.m */; };
		DDDEEF4B17A952E6003D2C20 /* Cocoa.framework in Frameworks */ = {isa = PBXBuildFile; fileRef = DDDEEF4A17A952E6003D2C20 /* Cocoa.framework */; };
/* End PBXBuildFile section */

/* Begin PBXFileReference section */
		DD57E73617A970ED00571387 /* Map Pics.app */ = {isa = PBXFileReference; explicitFileType = wrapper.application; includeInIndex = 0; path = "Map Pics.app"; sourceTree = BUILT_PRODUCTS_DIR; };
		DD57E73F17A970ED00571387 /* Map Pics iOS-Info.plist */ = {isa = PBXFileReference; lastKnownFileType = text.plist.xml; name = "Map Pics iOS-Info.plist"; path = "Map Pics iOS/Map Pics iOS-Info.plist"; sourceTree = SOURCE_ROOT; };
		DD57E74117A970ED00571387 /* en */ = {isa = PBXFileReference; lastKnownFileType = text.plist.strings; name = en; path = en.lproj/InfoPlist.strings; sourceTree = "<group>"; };
		DD57E74317A970ED00571387 /* main.m */ = {isa = PBXFileReference; lastKnownFileType = sourcecode.c.objc; name = main.m; path = "Map Pics iOS/main.m"; sourceTree = SOURCE_ROOT; };
		DD57E74517A970ED00571387 /* Map Pics iOS-Prefix.pch */ = {isa = PBXFileReference; lastKnownFileType = sourcecode.c.h; name = "Map Pics iOS-Prefix.pch"; path = "Map Pics iOS/Map Pics iOS-Prefix.pch"; sourceTree = SOURCE_ROOT; };
		DD57E74617A970ED00571387 /* MPAppDelegate.h */ = {isa = PBXFileReference; lastKnownFileType = sourcecode.c.h; name = MPAppDelegate.h; path = "Map Pics iOS/MPAppDelegate.h"; sourceTree = SOURCE_ROOT; };
		DD57E74717A970ED00571387 /* MPAppDelegate.m */ = {isa = PBXFileReference; lastKnownFileType = sourcecode.c.objc; name = MPAppDelegate.m; path = "Map Pics iOS/MPAppDelegate.m"; sourceTree = SOURCE_ROOT; };
		DD57E74F17A970ED00571387 /* MPViewController.h */ = {isa = PBXFileReference; lastKnownFileType = sourcecode.c.h; name = MPViewController.h; path = "Map Pics iOS/MPViewController.h"; sourceTree = SOURCE_ROOT; };
		DD57E75017A970ED00571387 /* MPViewController.m */ = {isa = PBXFileReference; lastKnownFileType = sourcecode.c.objc; name = MPViewController.m; path = "Map Pics iOS/MPViewController.m"; sourceTree = SOURCE_ROOT; };
		DD57E76F17A9760200571387 /* UIKit.framework */ = {isa = PBXFileReference; lastKnownFileType = wrapper.framework; name = UIKit.framework; path = Platforms/iPhoneOS.platform/Developer/SDKs/iPhoneOS7.0.sdk/System/Library/Frameworks/UIKit.framework; sourceTree = DEVELOPER_DIR; };
		DD57E77117A9761500571387 /* MapKit.framework */ = {isa = PBXFileReference; lastKnownFileType = wrapper.framework; name = MapKit.framework; path = Platforms/iPhoneOS.platform/Developer/SDKs/iPhoneOS7.0.sdk/System/Library/Frameworks/MapKit.framework; sourceTree = DEVELOPER_DIR; };
		DD57E77317A97B7000571387 /* MPAppDelegate.m */ = {isa = PBXFileReference; fileEncoding = 4; lastKnownFileType = sourcecode.c.objc; name = MPAppDelegate.m; path = "Map Pics Mac/MPAppDelegate.m"; sourceTree = SOURCE_ROOT; };
		DD57E77417A97B7000571387 /* Map Pics Mac-Info.plist */ = {isa = PBXFileReference; fileEncoding = 4; lastKnownFileType = text.plist.xml; name = "Map Pics Mac-Info.plist"; path = "Map Pics Mac/Map Pics Mac-Info.plist"; sourceTree = SOURCE_ROOT; };
		DD57E77517A97B7000571387 /* MPAppDelegate.h */ = {isa = PBXFileReference; fileEncoding = 4; lastKnownFileType = sourcecode.c.h; name = MPAppDelegate.h; path = "Map Pics Mac/MPAppDelegate.h"; sourceTree = SOURCE_ROOT; };
		DD57E77817A97B7000571387 /* Base */ = {isa = PBXFileReference; lastKnownFileType = file.xib; name = Base; path = MainMenu.xib; sourceTree = "<group>"; };
		DD57E77B17A97B7000571387 /* en */ = {isa = PBXFileReference; lastKnownFileType = text.rtf; name = en; path = Credits.rtf; sourceTree = "<group>"; };
		DD57E77D17A97B7000571387 /* en */ = {isa = PBXFileReference; lastKnownFileType = text.plist.strings; name = en; path = InfoPlist.strings; sourceTree = "<group>"; };
		DD57E77F17A97B7000571387 /* main.m */ = {isa = PBXFileReference; fileEncoding = 4; lastKnownFileType = sourcecode.c.objc; name = main.m; path = "Map Pics Mac/main.m"; sourceTree = SOURCE_ROOT; };
		DD57E78017A97B7000571387 /* Map Pics Mac-Prefix.pch */ = {isa = PBXFileReference; fileEncoding = 4; lastKnownFileType = sourcecode.c.h; name = "Map Pics Mac-Prefix.pch"; path = "Map Pics Mac/Map Pics Mac-Prefix.pch"; sourceTree = SOURCE_ROOT; };
		DDDEEF4717A952E6003D2C20 /* Map Pics.app */ = {isa = PBXFileReference; explicitFileType = wrapper.application; includeInIndex = 0; path = "Map Pics.app"; sourceTree = BUILT_PRODUCTS_DIR; };
		DDDEEF4A17A952E6003D2C20 /* Cocoa.framework */ = {isa = PBXFileReference; lastKnownFileType = wrapper.framework; name = Cocoa.framework; path = System/Library/Frameworks/Cocoa.framework; sourceTree = SDKROOT; };
/* End PBXFileReference section */

/* Begin PBXFrameworksBuildPhase section */
		DD57E73317A970ED00571387 /* Frameworks */ = {
			isa = PBXFrameworksBuildPhase;
			buildActionMask = 2147483647;
			files = (
				DD57E77217A9761500571387 /* MapKit.framework in Frameworks */,
				DD57E77017A9760200571387 /* UIKit.framework in Frameworks */,
			);
			runOnlyForDeploymentPostprocessing = 0;
		};
		DDDEEF4417A952E6003D2C20 /* Frameworks */ = {
			isa = PBXFrameworksBuildPhase;
			buildActionMask = 2147483647;
			files = (
				DDDEEF4B17A952E6003D2C20 /* Cocoa.framework in Frameworks */,
			);
			runOnlyForDeploymentPostprocessing = 0;
		};
/* End PBXFrameworksBuildPhase section */

/* Begin PBXGroup section */
		DD57E73D17A970ED00571387 /* Map Pics iOS */ = {
			isa = PBXGroup;
			children = (
				DD57E74617A970ED00571387 /* MPAppDelegate.h */,
				DD57E74717A970ED00571387 /* MPAppDelegate.m */,
				DD57E74F17A970ED00571387 /* MPViewController.h */,
				DD57E75017A970ED00571387 /* MPViewController.m */,
				DD57E73E17A970ED00571387 /* Supporting Files */,
				DD57E76E17A9759F00571387 /* Frameworks */,
			);
			path = "Map Pics iOS";
			sourceTree = "<group>";
		};
		DD57E73E17A970ED00571387 /* Supporting Files */ = {
			isa = PBXGroup;
			children = (
				DD57E73F17A970ED00571387 /* Map Pics iOS-Info.plist */,
				DD57E74017A970ED00571387 /* InfoPlist.strings */,
				DD57E74317A970ED00571387 /* main.m */,
				DD57E74517A970ED00571387 /* Map Pics iOS-Prefix.pch */,
			);
			name = "Supporting Files";
			sourceTree = "<group>";
		};
		DD57E76E17A9759F00571387 /* Frameworks */ = {
			isa = PBXGroup;
			children = (
				DD57E77117A9761500571387 /* MapKit.framework */,
				DD57E76F17A9760200571387 /* UIKit.framework */,
			);
			name = Frameworks;
			sourceTree = "<group>";
		};
		DDDEEF3E17A952E6003D2C20 = {
			isa = PBXGroup;
			children = (
				DDDEEF5017A952E6003D2C20 /* Map Pics Mac */,
				DD57E73D17A970ED00571387 /* Map Pics iOS */,
				DDDEEF4817A952E6003D2C20 /* Products */,
			);
			sourceTree = "<group>";
		};
		DDDEEF4817A952E6003D2C20 /* Products */ = {
			isa = PBXGroup;
			children = (
				DDDEEF4717A952E6003D2C20 /* Map Pics.app */,
				DD57E73617A970ED00571387 /* Map Pics.app */,
			);
			name = Products;
			sourceTree = "<group>";
		};
		DDDEEF4917A952E6003D2C20 /* Frameworks */ = {
			isa = PBXGroup;
			children = (
				DDDEEF4A17A952E6003D2C20 /* Cocoa.framework */,
			);
			name = Frameworks;
			path = ..;
			sourceTree = "<group>";
		};
		DDDEEF5017A952E6003D2C20 /* Map Pics Mac */ = {
			isa = PBXGroup;
			children = (
				DD57E77517A97B7000571387 /* MPAppDelegate.h */,
				DD57E77317A97B7000571387 /* MPAppDelegate.m */,
				DD57E77717A97B7000571387 /* MainMenu.xib */,
				DDDEEF5117A952E6003D2C20 /* Supporting Files */,
				DDDEEF4917A952E6003D2C20 /* Frameworks */,
			);
			name = "Map Pics Mac";
			path = "Map Pics";
			sourceTree = "<group>";
		};
		DDDEEF5117A952E6003D2C20 /* Supporting Files */ = {
			isa = PBXGroup;
			children = (
				DD57E77417A97B7000571387 /* Map Pics Mac-Info.plist */,
				DD57E77C17A97B7000571387 /* InfoPlist.strings */,
				DD57E77F17A97B7000571387 /* main.m */,
				DD57E78017A97B7000571387 /* Map Pics Mac-Prefix.pch */,
				DD57E77A17A97B7000571387 /* Credits.rtf */,
			);
			name = "Supporting Files";
			sourceTree = "<group>";
		};
/* End PBXGroup section */

/* Begin PBXNativeTarget section */
		DD57E73517A970ED00571387 /* Map Pics iOS */ = {
			isa = PBXNativeTarget;
			buildConfigurationList = DD57E76617A970EE00571387 /* Build configuration list for PBXNativeTarget "Map Pics iOS" */;
			buildPhases = (
				DD57E73217A970ED00571387 /* Sources */,
				DD57E73317A970ED00571387 /* Frameworks */,
				DD57E73417A970ED00571387 /* Resources */,
			);
			buildRules = (
			);
			dependencies = (
			);
			name = "Map Pics iOS";
			productName = "Map Pics iOS";
			productReference = DD57E73617A970ED00571387 /* Map Pics.app */;
			productType = "com.apple.product-type.application";
		};
		DDDEEF4617A952E6003D2C20 /* Map Pics Mac */ = {
			isa = PBXNativeTarget;
			buildConfigurationList = DDDEEF7817A952E6003D2C20 /* Build configuration list for PBXNativeTarget "Map Pics Mac" */;
			buildPhases = (
				DDDEEF4317A952E6003D2C20 /* Sources */,
				DDDEEF4417A952E6003D2C20 /* Frameworks */,
				DDDEEF4517A952E6003D2C20 /* Resources */,
			);
			buildRules = (
			);
			dependencies = (
			);
			name = "Map Pics Mac";
			productName = "Map Pics";
			productReference = DDDEEF4717A952E6003D2C20 /* Map Pics.app */;
			productType = "com.apple.product-type.application";
		};
/* End PBXNativeTarget section */

/* Begin PBXProject section */
		DDDEEF3F17A952E6003D2C20 /* Project object */ = {
			isa = PBXProject;
			attributes = {
				CLASSPREFIX = MP;
				LastUpgradeCheck = 0500;
				ORGANIZATIONNAME = MapBox;
				TargetAttributes = {
					DD57E73517A970ED00571387 = {
						SystemCapabilities = {
							com.apple.iOS = {
								enabled = 1;
							};
						};
					};
				};
			};
			buildConfigurationList = DDDEEF4217A952E6003D2C20 /* Build configuration list for PBXProject "Map Pics" */;
			compatibilityVersion = "Xcode 3.2";
			developmentRegion = English;
			hasScannedForEncodings = 0;
			knownRegions = (
				en,
				Base,
			);
			mainGroup = DDDEEF3E17A952E6003D2C20;
			productRefGroup = DDDEEF4817A952E6003D2C20 /* Products */;
			projectDirPath = "";
			projectRoot = "";
			targets = (
				DDDEEF4617A952E6003D2C20 /* Map Pics Mac */,
				DD57E73517A970ED00571387 /* Map Pics iOS */,
			);
		};
/* End PBXProject section */

/* Begin PBXResourcesBuildPhase section */
		DD57E73417A970ED00571387 /* Resources */ = {
			isa = PBXResourcesBuildPhase;
			buildActionMask = 2147483647;
			files = (
				DD57E74217A970ED00571387 /* InfoPlist.strings in Resources */,
			);
			runOnlyForDeploymentPostprocessing = 0;
		};
		DDDEEF4517A952E6003D2C20 /* Resources */ = {
			isa = PBXResourcesBuildPhase;
			buildActionMask = 2147483647;
			files = (
				DD57E78517A97B7000571387 /* InfoPlist.strings in Resources */,
				DD57E78417A97B7000571387 /* Credits.rtf in Resources */,
				DD57E78317A97B7000571387 /* MainMenu.xib in Resources */,
			);
			runOnlyForDeploymentPostprocessing = 0;
		};
/* End PBXResourcesBuildPhase section */

/* Begin PBXSourcesBuildPhase section */
		DD57E73217A970ED00571387 /* Sources */ = {
			isa = PBXSourcesBuildPhase;
			buildActionMask = 2147483647;
			files = (
				DD57E74417A970ED00571387 /* main.m in Sources */,
				DD57E75117A970ED00571387 /* MPViewController.m in Sources */,
				DD57E74817A970ED00571387 /* MPAppDelegate.m in Sources */,
			);
			runOnlyForDeploymentPostprocessing = 0;
		};
		DDDEEF4317A952E6003D2C20 /* Sources */ = {
			isa = PBXSourcesBuildPhase;
			buildActionMask = 2147483647;
			files = (
				DD57E78717A97B7000571387 /* main.m in Sources */,
				DD57E78117A97B7000571387 /* MPAppDelegate.m in Sources */,
			);
			runOnlyForDeploymentPostprocessing = 0;
		};
/* End PBXSourcesBuildPhase section */

/* Begin PBXVariantGroup section */
		DD57E74017A970ED00571387 /* InfoPlist.strings */ = {
			isa = PBXVariantGroup;
			children = (
				DD57E74117A970ED00571387 /* en */,
			);
			name = InfoPlist.strings;
			sourceTree = "<group>";
		};
		DD57E77717A97B7000571387 /* MainMenu.xib */ = {
			isa = PBXVariantGroup;
			children = (
				DD57E77817A97B7000571387 /* Base */,
			);
			name = MainMenu.xib;
			path = "Map Pics Mac/Base.lproj";
			sourceTree = SOURCE_ROOT;
		};
		DD57E77A17A97B7000571387 /* Credits.rtf */ = {
			isa = PBXVariantGroup;
			children = (
				DD57E77B17A97B7000571387 /* en */,
			);
			name = Credits.rtf;
			path = "Map Pics Mac/en.lproj";
			sourceTree = SOURCE_ROOT;
		};
		DD57E77C17A97B7000571387 /* InfoPlist.strings */ = {
			isa = PBXVariantGroup;
			children = (
				DD57E77D17A97B7000571387 /* en */,
			);
			name = InfoPlist.strings;
			path = "Map Pics Mac/en.lproj";
			sourceTree = SOURCE_ROOT;
		};
/* End PBXVariantGroup section */

/* Begin XCBuildConfiguration section */
		DD57E76717A970EE00571387 /* Debug */ = {
			isa = XCBuildConfiguration;
			buildSettings = {
				ASSETCATALOG_COMPILER_APPICON_NAME = AppIcon;
				ASSETCATALOG_COMPILER_LAUNCHIMAGE_NAME = LaunchImage;
				"CODE_SIGN_IDENTITY[sdk=iphoneos*]" = "iPhone Developer";
				GCC_PRECOMPILE_PREFIX_HEADER = YES;
				GCC_PREFIX_HEADER = "Map Pics iOS/Map Pics iOS-Prefix.pch";
				GCC_PREPROCESSOR_DEFINITIONS = (
					"DEBUG=1",
					"$(inherited)",
				);
				HEADER_SEARCH_PATHS = "iphone-exif-read-only/Classes";
				INFOPLIST_FILE = "Map Pics iOS/Map Pics iOS-Info.plist";
				IPHONEOS_DEPLOYMENT_TARGET = 7.0;
				PRODUCT_NAME = "Map Pics";
				SDKROOT = iphoneos;
				TARGETED_DEVICE_FAMILY = "1,2";
				WRAPPER_EXTENSION = app;
			};
			name = Debug;
		};
		DD57E76817A970EE00571387 /* Release */ = {
			isa = XCBuildConfiguration;
			buildSettings = {
				ASSETCATALOG_COMPILER_APPICON_NAME = AppIcon;
				ASSETCATALOG_COMPILER_LAUNCHIMAGE_NAME = LaunchImage;
				"CODE_SIGN_IDENTITY[sdk=iphoneos*]" = "iPhone Developer";
				GCC_PRECOMPILE_PREFIX_HEADER = YES;
				GCC_PREFIX_HEADER = "Map Pics iOS/Map Pics iOS-Prefix.pch";
				HEADER_SEARCH_PATHS = "iphone-exif-read-only/Classes";
				INFOPLIST_FILE = "Map Pics iOS/Map Pics iOS-Info.plist";
				IPHONEOS_DEPLOYMENT_TARGET = 7.0;
				PRODUCT_NAME = "Map Pics";
				SDKROOT = iphoneos;
				TARGETED_DEVICE_FAMILY = "1,2";
				VALIDATE_PRODUCT = YES;
				WRAPPER_EXTENSION = app;
			};
			name = Release;
		};
		DDDEEF7617A952E6003D2C20 /* Debug */ = {
			isa = XCBuildConfiguration;
			buildSettings = {
				ALWAYS_SEARCH_USER_PATHS = NO;
				CLANG_CXX_LANGUAGE_STANDARD = "gnu++0x";
				CLANG_CXX_LIBRARY = "libc++";
				CLANG_ENABLE_MODULES = YES;
				CLANG_ENABLE_OBJC_ARC = YES;
				CLANG_WARN_BOOL_CONVERSION = YES;
				CLANG_WARN_CONSTANT_CONVERSION = YES;
				CLANG_WARN_DIRECT_OBJC_ISA_USAGE = YES_ERROR;
				CLANG_WARN_EMPTY_BODY = YES;
				CLANG_WARN_ENUM_CONVERSION = YES;
				CLANG_WARN_INT_CONVERSION = YES;
				CLANG_WARN_OBJC_ROOT_CLASS = YES_ERROR;
				CLANG_WARN__DUPLICATE_METHOD_MATCH = YES;
				COPY_PHASE_STRIP = NO;
				GCC_C_LANGUAGE_STANDARD = gnu99;
				GCC_DYNAMIC_NO_PIC = NO;
				GCC_ENABLE_OBJC_EXCEPTIONS = YES;
				GCC_OPTIMIZATION_LEVEL = 0;
				GCC_PREPROCESSOR_DEFINITIONS = (
					"DEBUG=1",
					"$(inherited)",
				);
				GCC_SYMBOLS_PRIVATE_EXTERN = NO;
				GCC_WARN_64_TO_32_BIT_CONVERSION = YES;
				GCC_WARN_ABOUT_RETURN_TYPE = YES_ERROR;
				GCC_WARN_UNDECLARED_SELECTOR = YES;
				GCC_WARN_UNINITIALIZED_AUTOS = YES;
				GCC_WARN_UNUSED_FUNCTION = YES;
				GCC_WARN_UNUSED_VARIABLE = YES;
				ONLY_ACTIVE_ARCH = YES;
			};
			name = Debug;
		};
		DDDEEF7717A952E6003D2C20 /* Release */ = {
			isa = XCBuildConfiguration;
			buildSettings = {
				ALWAYS_SEARCH_USER_PATHS = NO;
				CLANG_CXX_LANGUAGE_STANDARD = "gnu++0x";
				CLANG_CXX_LIBRARY = "libc++";
				CLANG_ENABLE_MODULES = YES;
				CLANG_ENABLE_OBJC_ARC = YES;
				CLANG_WARN_BOOL_CONVERSION = YES;
				CLANG_WARN_CONSTANT_CONVERSION = YES;
				CLANG_WARN_DIRECT_OBJC_ISA_USAGE = YES_ERROR;
				CLANG_WARN_EMPTY_BODY = YES;
				CLANG_WARN_ENUM_CONVERSION = YES;
				CLANG_WARN_INT_CONVERSION = YES;
				CLANG_WARN_OBJC_ROOT_CLASS = YES_ERROR;
				CLANG_WARN__DUPLICATE_METHOD_MATCH = YES;
				COPY_PHASE_STRIP = YES;
				DEBUG_INFORMATION_FORMAT = "dwarf-with-dsym";
				ENABLE_NS_ASSERTIONS = NO;
				GCC_C_LANGUAGE_STANDARD = gnu99;
				GCC_ENABLE_OBJC_EXCEPTIONS = YES;
				GCC_WARN_64_TO_32_BIT_CONVERSION = YES;
				GCC_WARN_ABOUT_RETURN_TYPE = YES_ERROR;
				GCC_WARN_UNDECLARED_SELECTOR = YES;
				GCC_WARN_UNINITIALIZED_AUTOS = YES;
				GCC_WARN_UNUSED_FUNCTION = YES;
				GCC_WARN_UNUSED_VARIABLE = YES;
			};
			name = Release;
		};
		DDDEEF7917A952E6003D2C20 /* Debug */ = {
			isa = XCBuildConfiguration;
			buildSettings = {
				ASSETCATALOG_COMPILER_APPICON_NAME = AppIcon;
				COMBINE_HIDPI_IMAGES = YES;
				GCC_PRECOMPILE_PREFIX_HEADER = YES;
				GCC_PREFIX_HEADER = "Map Pics Mac/Map Pics Mac-Prefix.pch";
				INFOPLIST_FILE = "Map Pics Mac/Map Pics Mac-Info.plist";
				MACOSX_DEPLOYMENT_TARGET = 10.9;
				PRODUCT_NAME = "Map Pics";
				WRAPPER_EXTENSION = app;
			};
			name = Debug;
		};
		DDDEEF7A17A952E6003D2C20 /* Release */ = {
			isa = XCBuildConfiguration;
			buildSettings = {
				ASSETCATALOG_COMPILER_APPICON_NAME = AppIcon;
				COMBINE_HIDPI_IMAGES = YES;
				GCC_PRECOMPILE_PREFIX_HEADER = YES;
				GCC_PREFIX_HEADER = "Map Pics Mac/Map Pics Mac-Prefix.pch";
				INFOPLIST_FILE = "Map Pics Mac/Map Pics Mac-Info.plist";
				MACOSX_DEPLOYMENT_TARGET = 10.9;
				PRODUCT_NAME = "Map Pics";
				WRAPPER_EXTENSION = app;
			};
			name = Release;
		};
/* End XCBuildConfiguration section */

/* Begin XCConfigurationList section */
		DD57E76617A970EE00571387 /* Build configuration list for PBXNativeTarget "Map Pics iOS" */ = {
			isa = XCConfigurationList;
			buildConfigurations = (
				DD57E76717A970EE00571387 /* Debug */,
				DD57E76817A970EE00571387 /* Release */,
			);
			defaultConfigurationIsVisible = 0;
			defaultConfigurationName = Release;
		};
		DDDEEF4217A952E6003D2C20 /* Build configuration list for PBXProject "Map Pics" */ = {
			isa = XCConfigurationList;
			buildConfigurations = (
				DDDEEF7617A952E6003D2C20 /* Debug */,
				DDDEEF7717A952E6003D2C20 /* Release */,
			);
			defaultConfigurationIsVisible = 0;
			defaultConfigurationName = Release;
		};
		DDDEEF7817A952E6003D2C20 /* Build configuration list for PBXNativeTarget "Map Pics Mac" */ = {
			isa = XCConfigurationList;
			buildConfigurations = (
				DDDEEF7917A952E6003D2C20 /* Debug */,
				DDDEEF7A17A952E6003D2C20 /* Release */,
			);
			defaultConfigurationIsVisible = 0;
			defaultConfigurationName = Release;
		};
/* End XCConfigurationList section */
	};
	rootObject = DDDEEF3F17A952E6003D2C20 /* Project object */;
}
